
Microsoft Visual Studio Solution File, Format Version 12.00
Project("{FAE04EC0-301F-11D3-BF4B-00C04F79EFBC}") = "AITextWriter.Services", "AITextWriter.Services\AITextWriter.Services.csproj", "{56B1C208-A4B9-4A0F-8D3A-AA4B42E81861}"
EndProject
Project("{FAE04EC0-301F-11D3-BF4B-00C04F79EFBC}") = "AITextWriter.Infrastructure", "AITextWriter.Infrastructure\AITextWriter.Infrastructure.csproj", "{9CEFBA93-0816-461A-9895-C5CC68C3ED05}"
EndProject
Project("{FAE04EC0-301F-11D3-BF4B-00C04F79EFBC}") = "AITextWriter.Model", "AITextWriter.Model\AITextWriter.Model.csproj", "{AF3719A5-6763-44D7-8C31-0826FF1FFE9C}"
EndProject
Project("{FAE04EC0-301F-11D3-BF4B-00C04F79EFBC}") = "AITextWriter.Listen", "AITextWriter.Listen\AITextWriter.Listen.csproj", "{C831C84F-7334-4D5D-A746-B3E90F619B03}"
EndProject
Project("{FAE04EC0-301F-11D3-BF4B-00C04F79EFBC}") = "AITextWriter.Process", "AITextWriter.Process\AITextWriter.Process.csproj", "{5F492A33-4DB5-48BB-B9C1-1DAE08E34D23}"
EndProject
Project("{FAE04EC0-301F-11D3-BF4B-00C04F79EFBC}") = "AITextWriter.Summarize", "AITextWriter.Summarize\AITextWriter.Summarize.csproj", "{972EB36F-B95F-4743-A6D4-E5DBA84EA7DF}"
EndProject
Project("{2150E333-8FDC-42A3-9474-1A3956D46DE8}") = "src", "src", "{52B63982-D713-4975-B3C3-818F8A23AC20}"
	ProjectSection(SolutionItems) = preProject
		ReadMe.md = ReadMe.md
	EndProjectSection
EndProject
Project("{2150E333-8FDC-42A3-9474-1A3956D46DE8}") = "apps", "apps", "{FD0A9852-BC57-43BD-BCD9-5114A009F904}"
EndProject
Project("{2150E333-8FDC-42A3-9474-1A3956D46DE8}") = "tests", "tests", "{7FB290A2-9747-4DB0-8F67-2D90DC134945}"
EndProject
Project("{FAE04EC0-301F-11D3-BF4B-00C04F79EFBC}") = "AITextWriter.Infrastructure.Tests", "AITextWriter.Infrastructure.Tests\AITextWriter.Infrastructure.Tests.csproj", "{40D53B31-2F27-425C-81E8-02ABF4F2D1AF}"
EndProject
Project("{FAE04EC0-301F-11D3-BF4B-00C04F79EFBC}") = "AITextWriter.Model.Tests", "AITextWriter.Model.Tests\AITextWriter.Model.Tests.csproj", "{9EB82042-7971-4B53-8A48-EA0CCB20D784}"
EndProject
Project("{2150E333-8FDC-42A3-9474-1A3956D46DE8}") = "providers", "providers", "{768FE344-AF23-4B7B-B6D9-1FD5F90D11FA}"
EndProject
Project("{FAE04EC0-301F-11D3-BF4B-00C04F79EFBC}") = "AITextWriter.Services.Tests", "AITextWriter.Services.Tests\AITextWriter.Services.Tests.csproj", "{64BA9B40-1E1E-4421-8B1B-1F994F758BF9}"
EndProject
Project("{2150E333-8FDC-42A3-9474-1A3956D46DE8}") = "OpenAI", "OpenAI", "{9F453C27-8F41-475F-AC6D-35E11898D118}"
EndProject
Project("{FAE04EC0-301F-11D3-BF4B-00C04F79EFBC}") = "AITextWriter.OpenAI.Provider", "AITextWriter.OpenAI.Provider\AITextWriter.OpenAI.Provider.csproj", "{669CEF26-D778-4028-835A-A0C62D00D0FC}"
EndProject
Global
	GlobalSection(SolutionConfigurationPlatforms) = preSolution
		Debug|Any CPU = Debug|Any CPU
		Release|Any CPU = Release|Any CPU
	EndGlobalSection
	GlobalSection(ProjectConfigurationPlatforms) = postSolution
		{56B1C208-A4B9-4A0F-8D3A-AA4B42E81861}.Debug|Any CPU.ActiveCfg = Debug|Any CPU
		{56B1C208-A4B9-4A0F-8D3A-AA4B42E81861}.Debug|Any CPU.Build.0 = Debug|Any CPU
		{56B1C208-A4B9-4A0F-8D3A-AA4B42E81861}.Release|Any CPU.ActiveCfg = Release|Any CPU
		{56B1C208-A4B9-4A0F-8D3A-AA4B42E81861}.Release|Any CPU.Build.0 = Release|Any CPU
		{9CEFBA93-0816-461A-9895-C5CC68C3ED05}.Debug|Any CPU.ActiveCfg = Debug|Any CPU
		{9CEFBA93-0816-461A-9895-C5CC68C3ED05}.Debug|Any CPU.Build.0 = Debug|Any CPU
		{9CEFBA93-0816-461A-9895-C5CC68C3ED05}.Release|Any CPU.ActiveCfg = Release|Any CPU
		{9CEFBA93-0816-461A-9895-C5CC68C3ED05}.Release|Any CPU.Build.0 = Release|Any CPU
		{AF3719A5-6763-44D7-8C31-0826FF1FFE9C}.Debug|Any CPU.ActiveCfg = Debug|Any CPU
		{AF3719A5-6763-44D7-8C31-0826FF1FFE9C}.Debug|Any CPU.Build.0 = Debug|Any CPU
		{AF3719A5-6763-44D7-8C31-0826FF1FFE9C}.Release|Any CPU.ActiveCfg = Release|Any CPU
		{AF3719A5-6763-44D7-8C31-0826FF1FFE9C}.Release|Any CPU.Build.0 = Release|Any CPU
		{C831C84F-7334-4D5D-A746-B3E90F619B03}.Debug|Any CPU.ActiveCfg = Debug|Any CPU
		{C831C84F-7334-4D5D-A746-B3E90F619B03}.Debug|Any CPU.Build.0 = Debug|Any CPU
		{C831C84F-7334-4D5D-A746-B3E90F619B03}.Release|Any CPU.ActiveCfg = Release|Any CPU
		{C831C84F-7334-4D5D-A746-B3E90F619B03}.Release|Any CPU.Build.0 = Release|Any CPU
		{5F492A33-4DB5-48BB-B9C1-1DAE08E34D23}.Debug|Any CPU.ActiveCfg = Debug|Any CPU
		{5F492A33-4DB5-48BB-B9C1-1DAE08E34D23}.Debug|Any CPU.Build.0 = Debug|Any CPU
		{5F492A33-4DB5-48BB-B9C1-1DAE08E34D23}.Release|Any CPU.ActiveCfg = Release|Any CPU
		{5F492A33-4DB5-48BB-B9C1-1DAE08E34D23}.Release|Any CPU.Build.0 = Release|Any CPU
		{972EB36F-B95F-4743-A6D4-E5DBA84EA7DF}.Debug|Any CPU.ActiveCfg = Debug|Any CPU
		{972EB36F-B95F-4743-A6D4-E5DBA84EA7DF}.Debug|Any CPU.Build.0 = Debug|Any CPU
		{972EB36F-B95F-4743-A6D4-E5DBA84EA7DF}.Release|Any CPU.ActiveCfg = Release|Any CPU
		{972EB36F-B95F-4743-A6D4-E5DBA84EA7DF}.Release|Any CPU.Build.0 = Release|Any CPU
		{40D53B31-2F27-425C-81E8-02ABF4F2D1AF}.Debug|Any CPU.ActiveCfg = Debug|Any CPU
		{40D53B31-2F27-425C-81E8-02ABF4F2D1AF}.Debug|Any CPU.Build.0 = Debug|Any CPU
		{40D53B31-2F27-425C-81E8-02ABF4F2D1AF}.Release|Any CPU.ActiveCfg = Release|Any CPU
		{40D53B31-2F27-425C-81E8-02ABF4F2D1AF}.Release|Any CPU.Build.0 = Release|Any CPU
		{9EB82042-7971-4B53-8A48-EA0CCB20D784}.Debug|Any CPU.ActiveCfg = Debug|Any CPU
		{9EB82042-7971-4B53-8A48-EA0CCB20D784}.Debug|Any CPU.Build.0 = Debug|Any CPU
		{9EB82042-7971-4B53-8A48-EA0CCB20D784}.Release|Any CPU.ActiveCfg = Release|Any CPU
		{9EB82042-7971-4B53-8A48-EA0CCB20D784}.Release|Any CPU.Build.0 = Release|Any CPU
		{64BA9B40-1E1E-4421-8B1B-1F994F758BF9}.Debug|Any CPU.ActiveCfg = Debug|Any CPU
		{64BA9B40-1E1E-4421-8B1B-1F994F758BF9}.Debug|Any CPU.Build.0 = Debug|Any CPU
		{64BA9B40-1E1E-4421-8B1B-1F994F758BF9}.Release|Any CPU.ActiveCfg = Release|Any CPU
		{64BA9B40-1E1E-4421-8B1B-1F994F758BF9}.Release|Any CPU.Build.0 = Release|Any CPU
		{669CEF26-D778-4028-835A-A0C62D00D0FC}.Debug|Any CPU.ActiveCfg = Debug|Any CPU
		{669CEF26-D778-4028-835A-A0C62D00D0FC}.Debug|Any CPU.Build.0 = Debug|Any CPU
		{669CEF26-D778-4028-835A-A0C62D00D0FC}.Release|Any CPU.ActiveCfg = Release|Any CPU
		{669CEF26-D778-4028-835A-A0C62D00D0FC}.Release|Any CPU.Build.0 = Release|Any CPU
	EndGlobalSection
	GlobalSection(NestedProjects) = preSolution
		{C831C84F-7334-4D5D-A746-B3E90F619B03} = {FD0A9852-BC57-43BD-BCD9-5114A009F904}
		{5F492A33-4DB5-48BB-B9C1-1DAE08E34D23} = {FD0A9852-BC57-43BD-BCD9-5114A009F904}
		{972EB36F-B95F-4743-A6D4-E5DBA84EA7DF} = {FD0A9852-BC57-43BD-BCD9-5114A009F904}
		{9CEFBA93-0816-461A-9895-C5CC68C3ED05} = {52B63982-D713-4975-B3C3-818F8A23AC20}
		{AF3719A5-6763-44D7-8C31-0826FF1FFE9C} = {52B63982-D713-4975-B3C3-818F8A23AC20}
		{56B1C208-A4B9-4A0F-8D3A-AA4B42E81861} = {52B63982-D713-4975-B3C3-818F8A23AC20}
		{40D53B31-2F27-425C-81E8-02ABF4F2D1AF} = {7FB290A2-9747-4DB0-8F67-2D90DC134945}
		{9EB82042-7971-4B53-8A48-EA0CCB20D784} = {7FB290A2-9747-4DB0-8F67-2D90DC134945}
		{64BA9B40-1E1E-4421-8B1B-1F994F758BF9} = {7FB290A2-9747-4DB0-8F67-2D90DC134945}
		{9F453C27-8F41-475F-AC6D-35E11898D118} = {768FE344-AF23-4B7B-B6D9-1FD5F90D11FA}
		{669CEF26-D778-4028-835A-A0C62D00D0FC} = {9F453C27-8F41-475F-AC6D-35E11898D118}
	EndGlobalSection
EndGlobal
